
Microsoft Visual Studio Solution File, Format Version 12.00
Project("{FAE04EC0-301F-11D3-BF4B-00C04F79EFBC}") = "VoxScript2", "VoxScript2\VoxScript2.csproj", "{2DB72F98-AA83-40D2-9FBB-382EED8DB741}"
EndProject
Project("{FAE04EC0-301F-11D3-BF4B-00C04F79EFBC}") = "Test", "Test\Test.csproj", "{10AF8CE9-6A13-4749-9268-DD87FC1A87C7}"
EndProject
Project("{FAE04EC0-301F-11D3-BF4B-00C04F79EFBC}") = "VxsRun", "VxsRun\VxsRun.csproj", "{959B35BC-93B8-4CA6-8AA0-8B57328EA3EB}"
EndProject
Global
	GlobalSection(SolutionConfigurationPlatforms) = preSolution
		Debug|Any CPU = Debug|Any CPU
		Release|Any CPU = Release|Any CPU
	EndGlobalSection
	GlobalSection(ProjectConfigurationPlatforms) = postSolution
		{2DB72F98-AA83-40D2-9FBB-382EED8DB741}.Debug|Any CPU.ActiveCfg = Debug|Any CPU
		{2DB72F98-AA83-40D2-9FBB-382EED8DB741}.Debug|Any CPU.Build.0 = Debug|Any CPU
		{2DB72F98-AA83-40D2-9FBB-382EED8DB741}.Release|Any CPU.ActiveCfg = Release|Any CPU
		{2DB72F98-AA83-40D2-9FBB-382EED8DB741}.Release|Any CPU.Build.0 = Release|Any CPU
		{10AF8CE9-6A13-4749-9268-DD87FC1A87C7}.Debug|Any CPU.ActiveCfg = Debug|Any CPU
		{10AF8CE9-6A13-4749-9268-DD87FC1A87C7}.Debug|Any CPU.Build.0 = Debug|Any CPU
		{10AF8CE9-6A13-4749-9268-DD87FC1A87C7}.Release|Any CPU.ActiveCfg = Release|Any CPU
		{10AF8CE9-6A13-4749-9268-DD87FC1A87C7}.Release|Any CPU.Build.0 = Release|Any CPU
		{959B35BC-93B8-4CA6-8AA0-8B57328EA3EB}.Debug|Any CPU.ActiveCfg = Debug|Any CPU
		{959B35BC-93B8-4CA6-8AA0-8B57328EA3EB}.Debug|Any CPU.Build.0 = Debug|Any CPU
		{959B35BC-93B8-4CA6-8AA0-8B57328EA3EB}.Release|Any CPU.ActiveCfg = Release|Any CPU
		{959B35BC-93B8-4CA6-8AA0-8B57328EA3EB}.Release|Any CPU.Build.0 = Release|Any CPU
	EndGlobalSection
EndGlobal
